
Microsoft Visual Studio Solution File, Format Version 12.00
# Visual Studio 2012
Project("{FAE04EC0-301F-11D3-BF4B-00C04F79EFBC}") = "osc.net", "osc.net\osc.net.csproj", "{C9EAE470-365B-45DF-9CBA-6F6C014C8D9C}"
EndProject
Project("{FAE04EC0-301F-11D3-BF4B-00C04F79EFBC}") = "osc.net.client", "osc.net.client\osc.net.client.csproj", "{6D81A897-DCC4-4F5B-B1BC-42B3221719B7}"
EndProject
Project("{FAE04EC0-301F-11D3-BF4B-00C04F79EFBC}") = "osc.net.unittests", "osc.net.unittests\osc.net.unittests.csproj", "{7C65A113-4097-4B9F-AD6F-316A14FEAD21}"
EndProject
Global
	GlobalSection(SolutionConfigurationPlatforms) = preSolution
		Debug|Any CPU = Debug|Any CPU
		Debug|Mixed Platforms = Debug|Mixed Platforms
		Debug|x86 = Debug|x86
		Release|Any CPU = Release|Any CPU
		Release|Mixed Platforms = Release|Mixed Platforms
		Release|x86 = Release|x86
	EndGlobalSection
	GlobalSection(ProjectConfigurationPlatforms) = postSolution
		{C9EAE470-365B-45DF-9CBA-6F6C014C8D9C}.Debug|Any CPU.ActiveCfg = Debug|Any CPU
		{C9EAE470-365B-45DF-9CBA-6F6C014C8D9C}.Debug|Any CPU.Build.0 = Debug|Any CPU
		{C9EAE470-365B-45DF-9CBA-6F6C014C8D9C}.Debug|Mixed Platforms.ActiveCfg = Debug|Any CPU
		{C9EAE470-365B-45DF-9CBA-6F6C014C8D9C}.Debug|Mixed Platforms.Build.0 = Debug|Any CPU
		{C9EAE470-365B-45DF-9CBA-6F6C014C8D9C}.Debug|x86.ActiveCfg = Debug|Any CPU
		{C9EAE470-365B-45DF-9CBA-6F6C014C8D9C}.Release|Any CPU.ActiveCfg = Release|Any CPU
		{C9EAE470-365B-45DF-9CBA-6F6C014C8D9C}.Release|Any CPU.Build.0 = Release|Any CPU
		{C9EAE470-365B-45DF-9CBA-6F6C014C8D9C}.Release|Mixed Platforms.ActiveCfg = Release|Any CPU
		{C9EAE470-365B-45DF-9CBA-6F6C014C8D9C}.Release|Mixed Platforms.Build.0 = Release|Any CPU
		{C9EAE470-365B-45DF-9CBA-6F6C014C8D9C}.Release|x86.ActiveCfg = Release|Any CPU
		{6D81A897-DCC4-4F5B-B1BC-42B3221719B7}.Debug|Any CPU.ActiveCfg = Debug|x86
		{6D81A897-DCC4-4F5B-B1BC-42B3221719B7}.Debug|Mixed Platforms.ActiveCfg = Debug|x86
		{6D81A897-DCC4-4F5B-B1BC-42B3221719B7}.Debug|Mixed Platforms.Build.0 = Debug|x86
		{6D81A897-DCC4-4F5B-B1BC-42B3221719B7}.Debug|x86.ActiveCfg = Debug|x86
		{6D81A897-DCC4-4F5B-B1BC-42B3221719B7}.Debug|x86.Build.0 = Debug|x86
		{6D81A897-DCC4-4F5B-B1BC-42B3221719B7}.Release|Any CPU.ActiveCfg = Release|x86
		{6D81A897-DCC4-4F5B-B1BC-42B3221719B7}.Release|Mixed Platforms.ActiveCfg = Release|x86
		{6D81A897-DCC4-4F5B-B1BC-42B3221719B7}.Release|Mixed Platforms.Build.0 = Release|x86
		{6D81A897-DCC4-4F5B-B1BC-42B3221719B7}.Release|x86.ActiveCfg = Release|x86
		{6D81A897-DCC4-4F5B-B1BC-42B3221719B7}.Release|x86.Build.0 = Release|x86
		{7C65A113-4097-4B9F-AD6F-316A14FEAD21}.Debug|Any CPU.ActiveCfg = Debug|Any CPU
		{7C65A113-4097-4B9F-AD6F-316A14FEAD21}.Debug|Any CPU.Build.0 = Debug|Any CPU
		{7C65A113-4097-4B9F-AD6F-316A14FEAD21}.Debug|Mixed Platforms.ActiveCfg = Debug|Any CPU
		{7C65A113-4097-4B9F-AD6F-316A14FEAD21}.Debug|Mixed Platforms.Build.0 = Debug|Any CPU
		{7C65A113-4097-4B9F-AD6F-316A14FEAD21}.Debug|x86.ActiveCfg = Debug|Any CPU
		{7C65A113-4097-4B9F-AD6F-316A14FEAD21}.Release|Any CPU.ActiveCfg = Release|Any CPU
		{7C65A113-4097-4B9F-AD6F-316A14FEAD21}.Release|Any CPU.Build.0 = Release|Any CPU
		{7C65A113-4097-4B9F-AD6F-316A14FEAD21}.Release|Mixed Platforms.ActiveCfg = Release|Any CPU
		{7C65A113-4097-4B9F-AD6F-316A14FEAD21}.Release|Mixed Platforms.Build.0 = Release|Any CPU
		{7C65A113-4097-4B9F-AD6F-316A14FEAD21}.Release|x86.ActiveCfg = Release|Any CPU
	EndGlobalSection
	GlobalSection(SolutionProperties) = preSolution
		HideSolutionNode = FALSE
	EndGlobalSection
EndGlobal
